{
  "nodes": {
    "Neve": {
      "inputs": {
        "flake-utils": "flake-utils",
        "nixpkgs": "nixpkgs",
        "nixvim": "nixvim"
      },
      "locked": {
        "lastModified": 1708927801,
        "narHash": "sha256-jJJ9HIDSrlSlMFZUmw5zpCiMpLHk2rFH73k1inTHUDU=",
        "owner": "Sittymin",
        "repo": "Neve",
        "rev": "f3713937e20781ee02af6182598d9422e6ac0236",
        "type": "github"
      },
      "original": {
        "owner": "Sittymin",
        "repo": "Neve",
        "type": "github"
      }
    },
    "anyrun": {
      "inputs": {
        "flake-parts": "flake-parts_2",
        "nixpkgs": [
          "nixpkgs"
        ]
      },
      "locked": {
        "lastModified": 1701453400,
        "narHash": "sha256-hI9+KBShsSfvWX7bmRa/1VI20WGat3lDXmbceMZzMS4=",
        "owner": "Kirottu",
        "repo": "anyrun",
        "rev": "e14da6c37337ffa3ee1bc66965d58ef64c1590e5",
        "type": "github"
      },
      "original": {
        "owner": "Kirottu",
        "repo": "anyrun",
        "type": "github"
      }
    },
    "firefox-gnome-theme": {
      "flake": false,
      "locked": {
        "lastModified": 1707094435,
        "narHash": "sha256-QZk/qZQVt1X53peCqB2qmWhpA3xtAVgY95pebSKaTFU=",
        "owner": "rafaelmardojai",
        "repo": "firefox-gnome-theme",
        "rev": "d7db6e546d13de55fd70dc3204bd99195eb004c4",
        "type": "github"
      },
      "original": {
        "owner": "rafaelmardojai",
        "repo": "firefox-gnome-theme",
        "type": "github"
      }
    },
    "flake-compat": {
      "flake": false,
      "locked": {
        "lastModified": 1696426674,
        "narHash": "sha256-kvjfFW7WAETZlt09AgDn1MrtKzP7t90Vf7vypd3OL1U=",
        "owner": "edolstra",
        "repo": "flake-compat",
        "rev": "0f9255e01c2351cc7d116c072cb317785dd33b33",
        "type": "github"
      },
      "original": {
        "owner": "edolstra",
        "repo": "flake-compat",
        "type": "github"
      }
    },
    "flake-parts": {
      "inputs": {
        "nixpkgs-lib": [
          "Neve",
          "nixvim",
          "nixpkgs"
        ]
      },
      "locked": {
        "lastModified": 1704982712,
        "narHash": "sha256-2Ptt+9h8dczgle2Oo6z5ni5rt/uLMG47UFTR1ry/wgg=",
        "owner": "hercules-ci",
        "repo": "flake-parts",
        "rev": "07f6395285469419cf9d078f59b5b49993198c00",
        "type": "github"
      },
      "original": {
        "owner": "hercules-ci",
        "repo": "flake-parts",
        "type": "github"
      }
    },
    "flake-parts_2": {
      "inputs": {
        "nixpkgs-lib": [
          "anyrun",
          "nixpkgs"
        ]
      },
      "locked": {
        "lastModified": 1696343447,
        "narHash": "sha256-B2xAZKLkkeRFG5XcHHSXXcP7To9Xzr59KXeZiRf4vdQ=",
        "owner": "hercules-ci",
        "repo": "flake-parts",
        "rev": "c9afaba3dfa4085dbd2ccb38dfade5141e33d9d4",
        "type": "github"
      },
      "original": {
        "owner": "hercules-ci",
        "repo": "flake-parts",
        "type": "github"
      }
    },
    "flake-utils": {
      "inputs": {
        "systems": "systems"
      },
      "locked": {
        "lastModified": 1705309234,
        "narHash": "sha256-uNRRNRKmJyCRC/8y1RqBkqWBLM034y4qN7EprSdmgyA=",
        "owner": "numtide",
        "repo": "flake-utils",
        "rev": "1ef2e671c3b0c19053962c07dbda38332dcebf26",
        "type": "github"
      },
      "original": {
        "owner": "numtide",
        "repo": "flake-utils",
        "type": "github"
      }
    },
    "flake-utils_2": {
      "inputs": {
        "systems": "systems_2"
      },
      "locked": {
        "lastModified": 1701680307,
        "narHash": "sha256-kAuep2h5ajznlPMD9rnQyffWG8EM/C73lejGofXvdM8=",
        "owner": "numtide",
        "repo": "flake-utils",
        "rev": "4022d587cbbfd70fe950c1e2083a02621806a725",
        "type": "github"
      },
      "original": {
        "owner": "numtide",
        "repo": "flake-utils",
        "type": "github"
      }
    },
    "gitignore": {
      "inputs": {
        "nixpkgs": [
          "Neve",
          "nixvim",
          "pre-commit-hooks",
          "nixpkgs"
        ]
      },
      "locked": {
        "lastModified": 1703887061,
        "narHash": "sha256-gGPa9qWNc6eCXT/+Z5/zMkyYOuRZqeFZBDbopNZQkuY=",
        "owner": "hercules-ci",
        "repo": "gitignore.nix",
        "rev": "43e1aa1308018f37118e34d3a9cb4f5e75dc11d5",
        "type": "github"
      },
      "original": {
        "owner": "hercules-ci",
        "repo": "gitignore.nix",
        "type": "github"
      }
    },
    "home-manager": {
      "inputs": {
        "nixpkgs": [
          "Neve",
          "nixvim",
          "nixpkgs"
        ]
      },
      "locked": {
        "lastModified": 1706306660,
        "narHash": "sha256-lZvgkHtVeduGByPb0Tz9LpAi4olfkEm8XPgv0o7GRsk=",
        "owner": "nix-community",
        "repo": "home-manager",
        "rev": "b2f56952074cb46e93902ecaabfb04dd93733434",
        "type": "github"
      },
      "original": {
        "owner": "nix-community",
        "repo": "home-manager",
        "type": "github"
      }
    },
    "home-manager_2": {
      "inputs": {
        "nixpkgs": [
          "nixpkgs"
        ]
      },
      "locked": {
        "lastModified": 1708806879,
        "narHash": "sha256-MSbxtF3RThI8ANs/G4o1zIqF5/XlShHvwjl9Ws0QAbI=",
        "owner": "nix-community",
        "repo": "home-manager",
        "rev": "4ee704cb13a5a7645436f400b9acc89a67b9c08a",
        "type": "github"
      },
      "original": {
        "owner": "nix-community",
        "repo": "home-manager",
        "type": "github"
      }
    },
    "nix-darwin": {
      "inputs": {
        "nixpkgs": [
          "Neve",
          "nixvim",
          "nixpkgs"
        ]
      },
      "locked": {
        "lastModified": 1705915768,
        "narHash": "sha256-+Jlz8OAqkOwJlioac9wtpsCnjgGYUhvLpgJR/5tP9po=",
        "owner": "lnl7",
        "repo": "nix-darwin",
        "rev": "1e706ef323de76236eb183d7784f3bd57255ec0b",
        "type": "github"
      },
      "original": {
        "owner": "lnl7",
        "repo": "nix-darwin",
        "type": "github"
      }
    },
    "nixpkgs": {
      "locked": {
        "lastModified": 1706589919,
        "narHash": "sha256-pNHnDITxSI3a17GOF1RUF3jBO1OiNYTRH2yV/cJG4m4=",
        "owner": "NixOS",
        "repo": "nixpkgs",
        "rev": "222c1940fafeda4dea161858ffe6ebfc853d3db5",
        "type": "github"
      },
      "original": {
        "id": "nixpkgs",
        "type": "indirect"
      }
    },
    "nixpkgs_2": {
      "locked": {
        "lastModified": 1706191920,
        "narHash": "sha256-eLihrZAPZX0R6RyM5fYAWeKVNuQPYjAkCUBr+JNvtdE=",
        "owner": "NixOS",
        "repo": "nixpkgs",
        "rev": "ae5c332cbb5827f6b1f02572496b141021de335f",
        "type": "github"
      },
      "original": {
        "owner": "NixOS",
        "ref": "nixos-unstable",
        "repo": "nixpkgs",
        "type": "github"
      }
    },
    "nixpkgs_3": {
      "locked": {
        "lastModified": 1708807242,
        "narHash": "sha256-sRTRkhMD4delO/hPxxi+XwLqPn8BuUq6nnj4JqLwOu0=",
        "owner": "NixOS",
        "repo": "nixpkgs",
        "rev": "73de017ef2d18a04ac4bfd0c02650007ccb31c2a",
        "type": "github"
      },
      "original": {
        "owner": "NixOS",
        "ref": "nixos-unstable",
        "repo": "nixpkgs",
        "type": "github"
      }
    },
    "nixvim": {
      "inputs": {
        "flake-parts": "flake-parts",
        "home-manager": "home-manager",
        "nix-darwin": "nix-darwin",
        "nixpkgs": "nixpkgs_2",
        "pre-commit-hooks": "pre-commit-hooks"
      },
      "locked": {
        "lastModified": 1706539542,
        "narHash": "sha256-Zbd9/0iTDNwf6ePvKkISvSMK6S7kmfsPzyG5f57sVA8=",
        "owner": "nix-community",
        "repo": "nixvim",
        "rev": "37d124e94603f821b56072794c4800ad10252fd7",
        "type": "github"
      },
      "original": {
        "owner": "nix-community",
        "repo": "nixvim",
        "type": "github"
      }
    },
    "nur": {
      "locked": {
        "lastModified": 1708920684,
        "narHash": "sha256-of/WWbxGm9L++3FJw2yFmKyvvLK/BfEaZp9j6V5VoQc=",
        "owner": "nix-community",
        "repo": "NUR",
        "rev": "2e171de74cc6b1eba87485afd001dc37a5fbb3b7",
        "type": "github"
      },
      "original": {
        "owner": "nix-community",
        "repo": "NUR",
        "type": "github"
      }
    },
    "pre-commit-hooks": {
      "inputs": {
        "flake-compat": "flake-compat",
        "flake-utils": "flake-utils_2",
        "gitignore": "gitignore",
        "nixpkgs": [
          "Neve",
          "nixvim",
          "nixpkgs"
        ],
        "nixpkgs-stable": [
          "Neve",
          "nixvim",
          "nixpkgs"
        ]
      },
      "locked": {
        "lastModified": 1705757126,
        "narHash": "sha256-Eksr+n4Q8EYZKAN0Scef5JK4H6FcHc+TKNHb95CWm+c=",
        "owner": "cachix",
        "repo": "pre-commit-hooks.nix",
        "rev": "f56597d53fd174f796b5a7d3ee0b494f9e2285cc",
        "type": "github"
      },
      "original": {
        "owner": "cachix",
        "repo": "pre-commit-hooks.nix",
        "type": "github"
      }
    },
    "rime_dicts": {
      "flake": false,
      "locked": {
        "lastModified": 1708858819,
        "narHash": "sha256-eH7+tQnNt0UTM2lbsqujgn4uoilw3Mr+B/2Yl0irAdY=",
        "owner": "iDvel",
        "repo": "rime-ice",
        "rev": "ec9c14000c4e54d2a39311452f822ab07a99b336",
        "type": "github"
      },
      "original": {
        "owner": "iDvel",
        "repo": "rime-ice",
        "type": "github"
      }
    },
    "root": {
      "inputs": {
        "Neve": "Neve",
        "anyrun": "anyrun",
        "firefox-gnome-theme": "firefox-gnome-theme",
        "home-manager": "home-manager_2",
        "nixpkgs": "nixpkgs_3",
        "nur": "nur",
        "rime_dicts": "rime_dicts"
      }
    },
    "systems": {
      "locked": {
        "lastModified": 1681028828,
        "narHash": "sha256-Vy1rq5AaRuLzOxct8nz4T6wlgyUR7zLU309k9mBC768=",
        "owner": "nix-systems",
        "repo": "default",
        "rev": "da67096a3b9bf56a91d16901293e51ba5b49a27e",
        "type": "github"
      },
      "original": {
        "owner": "nix-systems",
        "repo": "default",
        "type": "github"
      }
    },
    "systems_2": {
      "locked": {
        "lastModified": 1681028828,
        "narHash": "sha256-Vy1rq5AaRuLzOxct8nz4T6wlgyUR7zLU309k9mBC768=",
        "owner": "nix-systems",
        "repo": "default",
        "rev": "da67096a3b9bf56a91d16901293e51ba5b49a27e",
        "type": "github"
      },
      "original": {
        "owner": "nix-systems",
        "repo": "default",
        "type": "github"
      }
    }
  },
  "root": "root",
  "version": 7
}
