{
  "nodes": {
    "Anime4K": {
      "flake": false,
      "locked": {
        "lastModified": 1714087812,
        "narHash": "sha256-F5/n/KmJ7iOiI0qcpwX6q8zvF4ACv6zcJTOxcAv6HSE=",
        "owner": "bloc97",
        "repo": "Anime4K",
        "rev": "7684e9586f8dcc738af08a1cdceb024cc184f426",
        "type": "github"
      },
      "original": {
        "owner": "bloc97",
        "repo": "Anime4K",
        "type": "github"
      }
    },
    "adsList": {
      "flake": false,
      "locked": {
        "narHash": "sha256-eeGsbo30S3POLrL4SghBYLN1qj3lMaC/umR2d5eGOUI=",
        "type": "file",
        "url": "https://raw.githubusercontent.com/Loyalsoldier/v2ray-rules-dat/release/reject-list.txt"
      },
      "original": {
        "type": "file",
        "url": "https://raw.githubusercontent.com/Loyalsoldier/v2ray-rules-dat/release/reject-list.txt"
      }
    },
    "catppuccin-bat": {
      "flake": false,
      "locked": {
        "lastModified": 1751237777,
        "narHash": "sha256-lJapSgRVENTrbmpVyn+UQabC9fpV1G1e+CdlJ090uvg=",
        "owner": "catppuccin",
        "repo": "bat",
        "rev": "6810349b28055dce54076712fc05fc68da4b8ec0",
        "type": "github"
      },
      "original": {
        "owner": "catppuccin",
        "repo": "bat",
        "type": "github"
      }
    },
    "catppuccin-yazi": {
      "flake": false,
      "locked": {
        "lastModified": 1749216915,
        "narHash": "sha256-hjqmNxIr/KCN9k5ZT7O994BeWdp56NP7aS34+nZ/fQQ=",
        "owner": "catppuccin",
        "repo": "yazi",
        "rev": "1a8c939e47131f2c4bd07a2daea7773c29e2a774",
        "type": "github"
      },
      "original": {
        "owner": "catppuccin",
        "repo": "yazi",
        "type": "github"
      }
    },
    "chaotic": {
      "inputs": {
        "flake-schemas": "flake-schemas",
        "home-manager": "home-manager",
        "jovian": "jovian",
        "nixpkgs": "nixpkgs",
        "rust-overlay": "rust-overlay"
      },
      "locked": {
        "lastModified": 1752964425,
        "narHash": "sha256-OIW+jSpY/Fl0xi5p6MspnrvGQFGRldm6t1RHoxO3giA=",
        "owner": "chaotic-cx",
        "repo": "nyx",
        "rev": "345ba493afc17aa9625eea60a8ee259300c5f99f",
        "type": "github"
      },
      "original": {
        "owner": "chaotic-cx",
        "ref": "nyxpkgs-unstable",
        "repo": "nyx",
        "type": "github"
      }
    },
    "directList": {
      "flake": false,
      "locked": {
        "narHash": "sha256-ELPEn1wUNLZKYImyXR8ojCFC0dFL41DYUk560BJ4zbg=",
        "type": "file",
        "url": "https://raw.githubusercontent.com/Loyalsoldier/v2ray-rules-dat/release/direct-list.txt"
      },
      "original": {
        "type": "file",
        "url": "https://raw.githubusercontent.com/Loyalsoldier/v2ray-rules-dat/release/direct-list.txt"
      }
    },
    "disko": {
      "inputs": {
        "nixpkgs": [
          "nixpkgs"
        ]
      },
      "locked": {
        "lastModified": 1752718651,
        "narHash": "sha256-PkaR0qmyP9q/MDN3uYa+RLeBA0PjvEQiM0rTDDBXkL8=",
        "owner": "nix-community",
        "repo": "disko",
        "rev": "d5ad4485e6f2edcc06751df65c5e16572877db88",
        "type": "github"
      },
      "original": {
        "owner": "nix-community",
        "repo": "disko",
        "type": "github"
      }
    },
    "fbriere-mpv-scripts": {
      "flake": false,
      "locked": {
        "lastModified": 1645034856,
        "narHash": "sha256-iNrnGXeaHE7CT4VBrV1IkvGe6KHNlHnrcw0zfFbobrc=",
        "owner": "fbriere",
        "repo": "mpv-scripts",
        "rev": "29c25d1295c51e211a437d8556699c50307817bf",
        "type": "github"
      },
      "original": {
        "owner": "fbriere",
        "repo": "mpv-scripts",
        "type": "github"
      }
    },
    "firefox-gnome-theme": {
      "flake": false,
      "locked": {
        "lastModified": 1752677629,
        "narHash": "sha256-ze2bcq5RSasEwvT6PR8EMedF4o8RoBtVB5ny6Jd9tA4=",
        "owner": "rafaelmardojai",
        "repo": "firefox-gnome-theme",
        "rev": "15ac3dfeaf828a9336e7e199123f8020cf04f440",
        "type": "github"
      },
      "original": {
        "owner": "rafaelmardojai",
        "repo": "firefox-gnome-theme",
        "type": "github"
      }
    },
    "flake-compat": {
      "flake": false,
      "locked": {
        "lastModified": 1747046372,
        "narHash": "sha256-CIVLLkVgvHYbgI2UpXvIIBJ12HWgX+fjA8Xf8PUmqCY=",
        "owner": "edolstra",
        "repo": "flake-compat",
        "rev": "9100a0f413b0c601e0533d1d94ffd501ce2e7885",
        "type": "github"
      },
      "original": {
        "owner": "edolstra",
        "repo": "flake-compat",
        "type": "github"
      }
    },
    "flake-compat_2": {
      "locked": {
        "lastModified": 1747046372,
        "narHash": "sha256-CIVLLkVgvHYbgI2UpXvIIBJ12HWgX+fjA8Xf8PUmqCY=",
        "owner": "edolstra",
        "repo": "flake-compat",
        "rev": "9100a0f413b0c601e0533d1d94ffd501ce2e7885",
        "type": "github"
      },
      "original": {
        "owner": "edolstra",
        "repo": "flake-compat",
        "type": "github"
      }
    },
    "flake-compat_3": {
      "locked": {
        "lastModified": 1746162366,
        "narHash": "sha256-5SSSZ/oQkwfcAz/o/6TlejlVGqeK08wyREBQ5qFFPhM=",
        "owner": "nix-community",
        "repo": "flake-compat",
        "rev": "0f158086a2ecdbb138cd0429410e44994f1b7e4b",
        "type": "github"
      },
      "original": {
        "owner": "nix-community",
        "repo": "flake-compat",
        "type": "github"
      }
    },
    "flake-compat_4": {
      "flake": false,
      "locked": {
        "lastModified": 1747046372,
        "narHash": "sha256-CIVLLkVgvHYbgI2UpXvIIBJ12HWgX+fjA8Xf8PUmqCY=",
        "owner": "edolstra",
        "repo": "flake-compat",
        "rev": "9100a0f413b0c601e0533d1d94ffd501ce2e7885",
        "type": "github"
      },
      "original": {
        "owner": "edolstra",
        "repo": "flake-compat",
        "type": "github"
      }
    },
    "flake-parts": {
      "inputs": {
        "nixpkgs-lib": [
          "nur",
          "nixpkgs"
        ]
      },
      "locked": {
        "lastModified": 1733312601,
        "narHash": "sha256-4pDvzqnegAfRkPwO3wmwBhVi/Sye1mzps0zHWYnP88c=",
        "owner": "hercules-ci",
        "repo": "flake-parts",
        "rev": "205b12d8b7cd4802fbcb8e8ef6a0f1408781a4f9",
        "type": "github"
      },
      "original": {
        "owner": "hercules-ci",
        "repo": "flake-parts",
        "type": "github"
      }
    },
    "flake-schemas": {
      "locked": {
        "lastModified": 1721999734,
        "narHash": "sha256-G5CxYeJVm4lcEtaO87LKzOsVnWeTcHGKbKxNamNWgOw=",
        "rev": "0a5c42297d870156d9c57d8f99e476b738dcd982",
        "revCount": 75,
        "type": "tarball",
        "url": "https://api.flakehub.com/f/pinned/DeterminateSystems/flake-schemas/0.1.5/0190ef2f-61e0-794b-ba14-e82f225e55e6/source.tar.gz"
      },
      "original": {
        "type": "tarball",
        "url": "https://flakehub.com/f/DeterminateSystems/flake-schemas/%3D0.1.5.tar.gz"
      }
    },
    "flake-utils": {
      "inputs": {
        "systems": "systems"
      },
      "locked": {
        "lastModified": 1731533236,
        "narHash": "sha256-l0KFg5HjrsfsO/JpG+r7fRrqm12kzFHyUHqHCVpMMbI=",
        "owner": "numtide",
        "repo": "flake-utils",
        "rev": "11707dc2f618dd54ca8739b309ec4fc024de578b",
        "type": "github"
      },
      "original": {
        "owner": "numtide",
        "repo": "flake-utils",
        "type": "github"
      }
    },
    "flake-utils_2": {
      "inputs": {
        "systems": "systems_2"
      },
      "locked": {
        "lastModified": 1731533236,
        "narHash": "sha256-l0KFg5HjrsfsO/JpG+r7fRrqm12kzFHyUHqHCVpMMbI=",
        "owner": "numtide",
        "repo": "flake-utils",
        "rev": "11707dc2f618dd54ca8739b309ec4fc024de578b",
        "type": "github"
      },
      "original": {
        "owner": "numtide",
        "repo": "flake-utils",
        "type": "github"
      }
    },
    "ghostty": {
      "inputs": {
        "flake-compat": "flake-compat",
        "flake-utils": "flake-utils",
        "nixpkgs": "nixpkgs_2",
        "zig": "zig",
        "zon2nix": "zon2nix"
      },
      "locked": {
        "lastModified": 1752956454,
        "narHash": "sha256-UD2RttNuC3i+SMzNQIHA20kjXUBor293dk9LZ7yKeTs=",
        "owner": "ghostty-org",
        "repo": "ghostty",
        "rev": "aa7cceebe96ee4ff73c953816478acd3383e59bd",
        "type": "github"
      },
      "original": {
        "owner": "ghostty-org",
        "repo": "ghostty",
        "type": "github"
      }
    },
    "helix": {
      "inputs": {
        "nixpkgs": "nixpkgs_3",
        "rust-overlay": "rust-overlay_2"
      },
      "locked": {
        "lastModified": 1752964427,
        "narHash": "sha256-57CXYsG+2SDJ65j4F525oS4DAT2id/KXCH9Op/xlloA=",
        "owner": "helix-editor",
        "repo": "helix",
        "rev": "22b184b570fea73090a20702e01b9ac80d6eb31c",
        "type": "github"
      },
      "original": {
        "owner": "helix-editor",
        "repo": "helix",
        "type": "github"
      }
    },
    "home-manager": {
      "inputs": {
        "nixpkgs": [
          "chaotic",
          "nixpkgs"
        ]
      },
      "locked": {
        "lastModified": 1752783339,
        "narHash": "sha256-RXxejsGIWtJ5rJKLAm8Kh159euZHPMi7CtbOoHLsm2c=",
        "owner": "nix-community",
        "repo": "home-manager",
        "rev": "7c78e592a895f2f1921f0024848fe193e2f8518e",
        "type": "github"
      },
      "original": {
        "owner": "nix-community",
        "repo": "home-manager",
        "type": "github"
      }
    },
    "home-manager_2": {
      "inputs": {
        "nixpkgs": [
          "nixpkgs"
        ]
      },
      "locked": {
        "lastModified": 1752814804,
        "narHash": "sha256-irfg7lnfEpJY+3Cffkluzp2MTVw1Uq9QGxFp6qadcXI=",
        "owner": "nix-community",
        "repo": "home-manager",
        "rev": "d0300c8808e41da81d6edfc202f3d3833c157daf",
        "type": "github"
      },
      "original": {
        "owner": "nix-community",
        "repo": "home-manager",
        "type": "github"
      }
    },
    "ironbar": {
      "inputs": {
        "flake-compat": "flake-compat_2",
        "naersk": "naersk",
        "nix-systems": "nix-systems",
        "nixpkgs": [
          "nixpkgs"
        ]
      },
      "locked": {
        "lastModified": 1752914036,
        "narHash": "sha256-cldrrmYy3YBnsTeruOBasVjzmIa9FBIDx5xx0aZd6b8=",
        "owner": "JakeStanger",
        "repo": "ironbar",
        "rev": "ccb57c84584a43ae20c9db1f4e28ad75e401706a",
        "type": "github"
      },
      "original": {
        "owner": "JakeStanger",
        "repo": "ironbar",
        "type": "github"
      }
    },
    "jovian": {
      "inputs": {
        "nix-github-actions": "nix-github-actions",
        "nixpkgs": [
          "chaotic",
          "nixpkgs"
        ]
      },
      "locked": {
        "lastModified": 1752755091,
        "narHash": "sha256-H/k35QJLyQxkFnXR5ckMv/Z+ElNa5f22qNKdyGBMAn4=",
        "owner": "Jovian-Experiments",
        "repo": "Jovian-NixOS",
        "rev": "0d09755fe1df1886e5f07dbb16f7ed373080f86a",
        "type": "github"
      },
      "original": {
        "owner": "Jovian-Experiments",
        "repo": "Jovian-NixOS",
        "type": "github"
      }
    },
    "lib-aggregate": {
      "inputs": {
        "flake-utils": "flake-utils_2",
        "nixpkgs-lib": "nixpkgs-lib"
      },
      "locked": {
        "lastModified": 1752408939,
        "narHash": "sha256-FlX55V+xe3rV025aecfJOoukfzCD9Mfp/nXoQweMldI=",
        "owner": "nix-community",
        "repo": "lib-aggregate",
        "rev": "134d1f1febcc56bfaff3d0a33cc51a5571b3cb19",
        "type": "github"
      },
      "original": {
        "owner": "nix-community",
        "repo": "lib-aggregate",
        "type": "github"
      }
    },
    "mpv-progressbar": {
      "flake": false,
      "locked": {
        "lastModified": 1741141819,
        "narHash": "sha256-ePzM95ais7cN3Tg3h+dsAAKUk9BVMhD9m67rPF1h9Vk=",
        "owner": "torque",
        "repo": "mpv-progressbar",
        "rev": "80ce89989d8cafd95fe010bf831a5ab56fe72625",
        "type": "github"
      },
      "original": {
        "owner": "torque",
        "ref": "build",
        "repo": "mpv-progressbar",
        "type": "github"
      }
    },
    "myRepo": {
      "inputs": {
        "nixpkgs": [
          "nixpkgs"
        ]
      },
      "locked": {
        "lastModified": 1744872775,
        "narHash": "sha256-VSOmwNxyg399JFr7ILJ9CelWucoOsda+T4RGLFbJWgE=",
        "owner": "Sittymin",
        "repo": "NUR",
        "rev": "11aaaff74c35d5b2d111d1a2cbe1306cc42bc9e2",
        "type": "github"
      },
      "original": {
        "owner": "Sittymin",
        "repo": "NUR",
        "type": "github"
      }
    },
    "naersk": {
      "inputs": {
        "nixpkgs": "nixpkgs_4"
      },
      "locked": {
        "lastModified": 1745925850,
        "narHash": "sha256-cyAAMal0aPrlb1NgzMxZqeN1mAJ2pJseDhm2m6Um8T0=",
        "owner": "nix-community",
        "repo": "naersk",
        "rev": "38bc60bbc157ae266d4a0c96671c6c742ee17a5f",
        "type": "github"
      },
      "original": {
        "owner": "nix-community",
        "repo": "naersk",
        "type": "github"
      }
    },
    "niri": {
      "inputs": {
        "niri-stable": "niri-stable",
        "niri-unstable": "niri-unstable",
        "nixpkgs": "nixpkgs_5",
        "nixpkgs-stable": "nixpkgs-stable",
        "xwayland-satellite-stable": "xwayland-satellite-stable",
        "xwayland-satellite-unstable": "xwayland-satellite-unstable"
      },
      "locked": {
        "lastModified": 1752878399,
        "narHash": "sha256-Kc4+stiqZP5+CUVVJNca8Xyye76hmRAVPK3cza1BXuk=",
        "owner": "sodiboo",
        "repo": "niri-flake",
        "rev": "1663b8f450988a64d9777f377efbd2fd8f3f243b",
        "type": "github"
      },
      "original": {
        "owner": "sodiboo",
        "repo": "niri-flake",
        "type": "github"
      }
    },
    "niri-stable": {
      "flake": false,
      "locked": {
        "lastModified": 1748151941,
        "narHash": "sha256-z4viQZLgC2bIJ3VrzQnR+q2F3gAOEQpU1H5xHtX/2fs=",
        "owner": "YaLTeR",
        "repo": "niri",
        "rev": "8ba57fcf25d2fc9565131684a839d58703f1dae7",
        "type": "github"
      },
      "original": {
        "owner": "YaLTeR",
        "ref": "v25.05.1",
        "repo": "niri",
        "type": "github"
      }
    },
    "niri-unstable": {
      "flake": false,
      "locked": {
        "lastModified": 1752870529,
        "narHash": "sha256-23DJk5EfEDCq7Xy1QELcayG0VxbbWpdQ6t7jbhae1Ok=",
        "owner": "YaLTeR",
        "repo": "niri",
        "rev": "fefc0bc0a71556eb75352e2b611e50eb5d3bf9c2",
        "type": "github"
      },
      "original": {
        "owner": "YaLTeR",
        "repo": "niri",
        "type": "github"
      }
    },
    "nix-github-actions": {
      "inputs": {
        "nixpkgs": [
          "chaotic",
          "jovian",
          "nixpkgs"
        ]
      },
      "locked": {
        "lastModified": 1729697500,
        "narHash": "sha256-VFTWrbzDlZyFHHb1AlKRiD/qqCJIripXKiCSFS8fAOY=",
        "owner": "zhaofengli",
        "repo": "nix-github-actions",
        "rev": "e418aeb728b6aa5ca8c5c71974e7159c2df1d8cf",
        "type": "github"
      },
      "original": {
        "owner": "zhaofengli",
        "ref": "matrix-name",
        "repo": "nix-github-actions",
        "type": "github"
      }
    },
    "nix-index-database": {
      "inputs": {
        "nixpkgs": [
          "nixpkgs"
        ]
      },
      "locked": {
        "lastModified": 1752441837,
        "narHash": "sha256-FMH1OSSJp8Cx8MZHXz6KckxJGbCnVMotZNAH3v2WneU=",
        "owner": "nix-community",
        "repo": "nix-index-database",
        "rev": "839e02dece5845be3a322e507a79712b73a96ba2",
        "type": "github"
      },
      "original": {
        "owner": "nix-community",
        "repo": "nix-index-database",
        "type": "github"
      }
    },
    "nix-systems": {
      "locked": {
        "lastModified": 1689347949,
        "narHash": "sha256-12tWmuL2zgBgZkdoB6qXZsgJEH9LR3oUgpaQq2RbI80=",
        "owner": "nix-systems",
        "repo": "default-linux",
        "rev": "31732fcf5e8fea42e59c2488ad31a0e651500f68",
        "type": "github"
      },
      "original": {
        "owner": "nix-systems",
        "repo": "default-linux",
        "type": "github"
      }
    },
    "nixpkgs": {
      "locked": {
        "lastModified": 1752687322,
        "narHash": "sha256-RKwfXA4OZROjBTQAl9WOZQFm7L8Bo93FQwSJpAiSRvo=",
        "owner": "NixOS",
        "repo": "nixpkgs",
        "rev": "6e987485eb2c77e5dcc5af4e3c70843711ef9251",
        "type": "github"
      },
      "original": {
        "owner": "NixOS",
        "ref": "nixos-unstable",
        "repo": "nixpkgs",
        "type": "github"
      }
    },
    "nixpkgs-e0464e4": {
      "locked": {
        "lastModified": 1727211877,
        "narHash": "sha256-zy/ar3GpnzuGRCwrr6zV/QicoZcqd2kNNhkRDECfStU=",
        "owner": "NixOS",
        "repo": "nixpkgs",
        "rev": "e0464e47880a69896f0fb1810f00e0de469f770a",
        "type": "github"
      },
      "original": {
        "owner": "NixOS",
        "repo": "nixpkgs",
        "rev": "e0464e47880a69896f0fb1810f00e0de469f770a",
        "type": "github"
      }
    },
    "nixpkgs-electron11": {
      "locked": {
        "lastModified": 1720535198,
        "narHash": "sha256-zwVvxrdIzralnSbcpghA92tWu2DV2lwv89xZc8MTrbg=",
        "owner": "NixOS",
        "repo": "nixpkgs",
        "rev": "205fd4226592cc83fd4c0885a3e4c9c400efabb5",
        "type": "github"
      },
      "original": {
        "owner": "NixOS",
        "ref": "nixos-23.11",
        "repo": "nixpkgs",
        "type": "github"
      }
    },
    "nixpkgs-lib": {
      "locked": {
        "lastModified": 1752369545,
        "narHash": "sha256-jj/HBJFSapTk4LfeJgNLk2wEE2BO6dgBYVRbXMNOCeM=",
        "owner": "nix-community",
        "repo": "nixpkgs.lib",
        "rev": "65d21753676aaf55d8e67249138ab1286599a62b",
        "type": "github"
      },
      "original": {
        "owner": "nix-community",
        "repo": "nixpkgs.lib",
        "type": "github"
      }
    },
    "nixpkgs-stable": {
      "locked": {
        "lastModified": 1752620740,
        "narHash": "sha256-f3pO+9lg66mV7IMmmIqG4PL3223TYMlnlw+pnpelbss=",
        "owner": "NixOS",
        "repo": "nixpkgs",
        "rev": "32a4e87942101f1c9f9865e04dc3ddb175f5f32e",
        "type": "github"
      },
      "original": {
        "owner": "NixOS",
        "ref": "nixos-25.05",
        "repo": "nixpkgs",
        "type": "github"
      }
    },
    "nixpkgs-wayland": {
      "inputs": {
        "flake-compat": "flake-compat_3",
        "lib-aggregate": "lib-aggregate",
        "nixpkgs": "nixpkgs_7"
      },
      "locked": {
        "lastModified": 1752893821,
        "narHash": "sha256-i8DEEzc/Br4uO2UF1WusAvo+X8plNPY91fe1FViUMQs=",
        "owner": "nix-community",
        "repo": "nixpkgs-wayland",
        "rev": "d7eddeb0402fd2876c03d1903fac9729b07d6ed1",
        "type": "github"
      },
      "original": {
        "owner": "nix-community",
        "repo": "nixpkgs-wayland",
        "type": "github"
      }
    },
    "nixpkgs_2": {
      "locked": {
        "lastModified": 1748189127,
        "narHash": "sha256-zRDR+EbbeObu4V2X5QCd2Bk5eltfDlCr5yvhBwUT6pY=",
        "rev": "7c43f080a7f28b2774f3b3f43234ca11661bf334",
        "type": "tarball",
        "url": "https://releases.nixos.org/nixos/25.05/nixos-25.05.802491.7c43f080a7f2/nixexprs.tar.xz"
      },
      "original": {
        "type": "tarball",
        "url": "https://channels.nixos.org/nixos-25.05/nixexprs.tar.xz"
      }
    },
    "nixpkgs_3": {
      "locked": {
        "lastModified": 1740560979,
        "narHash": "sha256-Vr3Qi346M+8CjedtbyUevIGDZW8LcA1fTG0ugPY/Hic=",
        "owner": "nixos",
        "repo": "nixpkgs",
        "rev": "5135c59491985879812717f4c9fea69604e7f26f",
        "type": "github"
      },
      "original": {
        "owner": "nixos",
        "ref": "nixos-unstable",
        "repo": "nixpkgs",
        "type": "github"
      }
    },
    "nixpkgs_4": {
      "locked": {
        "lastModified": 1751251929,
        "narHash": "sha256-IJWIzZSkBsDzS7iS/iwSwur+xFkWqeLYC4kdf8ObtOM=",
        "owner": "NixOS",
        "repo": "nixpkgs",
        "rev": "b95255df2360a45ddbb03817a68869d5cb01bf96",
        "type": "github"
      },
      "original": {
        "owner": "NixOS",
        "ref": "nixpkgs-unstable",
        "repo": "nixpkgs",
        "type": "github"
      }
    },
    "nixpkgs_5": {
      "locked": {
        "lastModified": 1752687322,
        "narHash": "sha256-RKwfXA4OZROjBTQAl9WOZQFm7L8Bo93FQwSJpAiSRvo=",
        "owner": "NixOS",
        "repo": "nixpkgs",
        "rev": "6e987485eb2c77e5dcc5af4e3c70843711ef9251",
        "type": "github"
      },
      "original": {
        "owner": "NixOS",
        "ref": "nixos-unstable",
        "repo": "nixpkgs",
        "type": "github"
      }
    },
    "nixpkgs_6": {
      "locked": {
        "lastModified": 1752687322,
        "narHash": "sha256-RKwfXA4OZROjBTQAl9WOZQFm7L8Bo93FQwSJpAiSRvo=",
        "owner": "NixOS",
        "repo": "nixpkgs",
        "rev": "6e987485eb2c77e5dcc5af4e3c70843711ef9251",
        "type": "github"
      },
      "original": {
        "owner": "NixOS",
        "ref": "nixos-unstable",
        "repo": "nixpkgs",
        "type": "github"
      }
    },
    "nixpkgs_7": {
      "locked": {
        "lastModified": 1752687322,
        "narHash": "sha256-RKwfXA4OZROjBTQAl9WOZQFm7L8Bo93FQwSJpAiSRvo=",
        "owner": "nixos",
        "repo": "nixpkgs",
        "rev": "6e987485eb2c77e5dcc5af4e3c70843711ef9251",
        "type": "github"
      },
      "original": {
        "owner": "nixos",
        "ref": "nixos-unstable",
        "repo": "nixpkgs",
        "type": "github"
      }
    },
    "nixpkgs_8": {
      "locked": {
        "lastModified": 1752687322,
        "narHash": "sha256-RKwfXA4OZROjBTQAl9WOZQFm7L8Bo93FQwSJpAiSRvo=",
        "owner": "nixos",
        "repo": "nixpkgs",
        "rev": "6e987485eb2c77e5dcc5af4e3c70843711ef9251",
        "type": "github"
      },
      "original": {
        "owner": "nixos",
        "ref": "nixos-unstable",
        "repo": "nixpkgs",
        "type": "github"
      }
    },
    "nixpkgs_9": {
      "locked": {
        "lastModified": 1750605355,
        "narHash": "sha256-xT8cPLTxlktxI9vSdoBlAVK7dXgd8IK59j7ZwzkkhnI=",
        "owner": "nixos",
        "repo": "nixpkgs",
        "rev": "3078b9a9e75f1790e6d6ef9955fdc6a2d1740cc6",
        "type": "github"
      },
      "original": {
        "owner": "nixos",
        "ref": "nixpkgs-unstable",
        "repo": "nixpkgs",
        "type": "github"
      }
    },
    "nu-scripts": {
      "flake": false,
      "locked": {
        "lastModified": 1752876487,
        "narHash": "sha256-YXLmTlyd4MFTNCZ7NeiI/4TlhTYJRqB7Y4avzg9A+hI=",
        "owner": "nushell",
        "repo": "nu_scripts",
        "rev": "798a28e41897c964839216dbba4d6670bfde2484",
        "type": "github"
      },
      "original": {
        "owner": "nushell",
        "repo": "nu_scripts",
        "type": "github"
      }
    },
    "nur": {
      "inputs": {
        "flake-parts": "flake-parts",
        "nixpkgs": "nixpkgs_8"
      },
      "locked": {
        "lastModified": 1752976134,
        "narHash": "sha256-7Qo3ANMwak5w767XgwJ7rhoXPwrE1IQCNNIvQaX+TBY=",
        "owner": "nix-community",
        "repo": "NUR",
        "rev": "0cf2643b57ddf846fc307a2bcc06b4ddb9bb00da",
        "type": "github"
      },
      "original": {
        "owner": "nix-community",
        "repo": "NUR",
        "type": "github"
      }
    },
    "proxyList": {
      "flake": false,
      "locked": {
        "narHash": "sha256-yWiWbEt/xfYA8uOH3BOMaDe3JSxgB6JiOAjl9ZZbftk=",
        "type": "file",
        "url": "https://raw.githubusercontent.com/Loyalsoldier/v2ray-rules-dat/release/proxy-list.txt"
      },
      "original": {
        "type": "file",
        "url": "https://raw.githubusercontent.com/Loyalsoldier/v2ray-rules-dat/release/proxy-list.txt"
      }
    },
    "rime-dicts": {
      "flake": false,
      "locked": {
        "lastModified": 1751778590,
        "narHash": "sha256-yCVcTc8qitar5JJfVTH4xNJMTPgx/NsRMoTxVm5PVrY=",
        "owner": "iDvel",
        "repo": "rime-ice",
        "rev": "7acdee60d09602383b6299d1bdaaba03f0a57869",
        "type": "github"
      },
      "original": {
        "owner": "iDvel",
        "repo": "rime-ice",
        "type": "github"
      }
    },
    "rime-double-pinyin": {
      "flake": false,
      "locked": {
        "lastModified": 1547994611,
        "narHash": "sha256-UyVzp0TMq7yq5pXQpy7xkPnc1+RF8oVdIXzvrYqLfCQ=",
        "owner": "rime",
        "repo": "rime-double-pinyin",
        "rev": "69bf85d4dfe8bac139c36abbd68d530b8b6622ea",
        "type": "github"
      },
      "original": {
        "owner": "rime",
        "repo": "rime-double-pinyin",
        "type": "github"
      }
    },
    "root": {
      "inputs": {
        "Anime4K": "Anime4K",
        "adsList": "adsList",
        "catppuccin-bat": "catppuccin-bat",
        "catppuccin-yazi": "catppuccin-yazi",
        "chaotic": "chaotic",
        "directList": "directList",
        "disko": "disko",
        "fbriere-mpv-scripts": "fbriere-mpv-scripts",
        "firefox-gnome-theme": "firefox-gnome-theme",
        "ghostty": "ghostty",
        "helix": "helix",
        "home-manager": "home-manager_2",
        "ironbar": "ironbar",
        "mpv-progressbar": "mpv-progressbar",
        "myRepo": "myRepo",
        "niri": "niri",
        "nix-index-database": "nix-index-database",
        "nixpkgs": "nixpkgs_6",
        "nixpkgs-e0464e4": "nixpkgs-e0464e4",
        "nixpkgs-electron11": "nixpkgs-electron11",
        "nixpkgs-wayland": "nixpkgs-wayland",
        "nu-scripts": "nu-scripts",
        "nur": "nur",
        "proxyList": "proxyList",
        "rime-dicts": "rime-dicts",
        "rime-double-pinyin": "rime-double-pinyin",
        "swww": "swww",
        "thumbfast": "thumbfast",
        "v2ray-geoip-dat": "v2ray-geoip-dat",
        "v2ray-geosite-dat": "v2ray-geosite-dat"
      }
    },
    "rust-overlay": {
      "inputs": {
        "nixpkgs": [
          "chaotic",
          "nixpkgs"
        ]
      },
      "locked": {
        "lastModified": 1752720268,
        "narHash": "sha256-XCiJdtXIN09Iv0i1gs5ajJ9CVHk537Gy1iG/4nIdpVI=",
        "owner": "oxalica",
        "repo": "rust-overlay",
        "rev": "dc221f842e9ddc8c0416beae8d77f2ea356b91ae",
        "type": "github"
      },
      "original": {
        "owner": "oxalica",
        "repo": "rust-overlay",
        "type": "github"
      }
    },
    "rust-overlay_2": {
      "inputs": {
        "nixpkgs": [
          "helix",
          "nixpkgs"
        ]
      },
      "locked": {
        "lastModified": 1740623427,
        "narHash": "sha256-3SdPQrZoa4odlScFDUHd4CUPQ/R1gtH4Mq9u8CBiK8M=",
        "owner": "oxalica",
        "repo": "rust-overlay",
        "rev": "d342e8b5fd88421ff982f383c853f0fc78a847ab",
        "type": "github"
      },
      "original": {
        "owner": "oxalica",
        "repo": "rust-overlay",
        "type": "github"
      }
    },
    "rust-overlay_3": {
      "inputs": {
        "nixpkgs": [
          "swww",
          "nixpkgs"
        ]
      },
      "locked": {
        "lastModified": 1750646674,
        "narHash": "sha256-gHg6QUjMi1ObrocQUAoEhhbIfop14UNae4QDSHoKsRU=",
        "owner": "oxalica",
        "repo": "rust-overlay",
        "rev": "65162ae665154e0eddb395166bd4956358981dd0",
        "type": "github"
      },
      "original": {
        "owner": "oxalica",
        "repo": "rust-overlay",
        "type": "github"
      }
    },
    "swww": {
      "inputs": {
        "flake-compat": "flake-compat_4",
        "nixpkgs": "nixpkgs_9",
        "rust-overlay": "rust-overlay_3"
      },
      "locked": {
        "lastModified": 1750693076,
        "narHash": "sha256-+sdV7NFueCeBLrsl7lrqzlG5tPNqDe/zlcIb8TYxQl8=",
        "owner": "LGFae",
        "repo": "swww",
        "rev": "805a355da574fed46e664606660e2499f02e2174",
        "type": "github"
      },
      "original": {
        "owner": "LGFae",
        "repo": "swww",
        "type": "github"
      }
    },
    "systems": {
      "locked": {
        "lastModified": 1681028828,
        "narHash": "sha256-Vy1rq5AaRuLzOxct8nz4T6wlgyUR7zLU309k9mBC768=",
        "owner": "nix-systems",
        "repo": "default",
        "rev": "da67096a3b9bf56a91d16901293e51ba5b49a27e",
        "type": "github"
      },
      "original": {
        "owner": "nix-systems",
        "repo": "default",
        "type": "github"
      }
    },
    "systems_2": {
      "locked": {
        "lastModified": 1681028828,
        "narHash": "sha256-Vy1rq5AaRuLzOxct8nz4T6wlgyUR7zLU309k9mBC768=",
        "owner": "nix-systems",
        "repo": "default",
        "rev": "da67096a3b9bf56a91d16901293e51ba5b49a27e",
        "type": "github"
      },
      "original": {
        "owner": "nix-systems",
        "repo": "default",
        "type": "github"
      }
    },
    "thumbfast": {
      "flake": false,
      "locked": {
        "lastModified": 1738699920,
        "narHash": "sha256-avG1CRBrs0UM4HcFMUVAQyOtcIFkZ/H+PbjZJKU7o2A=",
        "owner": "po5",
        "repo": "thumbfast",
        "rev": "9deb0733c4e36938cf90e42ddfb7a19a8b2f4641",
        "type": "github"
      },
      "original": {
        "owner": "po5",
        "repo": "thumbfast",
        "type": "github"
      }
    },
    "v2ray-geoip-dat": {
      "flake": false,
      "locked": {
        "narHash": "sha256-SKgZ/FNLUQIi36qllDglYQ71E1Y/SDwZ4id6AYrGTF4=",
        "type": "file",
        "url": "https://github.com/Loyalsoldier/v2ray-rules-dat/releases/latest/download/geoip.dat"
      },
      "original": {
        "type": "file",
        "url": "https://github.com/Loyalsoldier/v2ray-rules-dat/releases/latest/download/geoip.dat"
      }
    },
    "v2ray-geosite-dat": {
      "flake": false,
      "locked": {
        "narHash": "sha256-e4PfiOWzOyJRwgs13Y4IpmB6ovRC3EPE/QamwZd+v6c=",
        "type": "file",
        "url": "https://github.com/Loyalsoldier/v2ray-rules-dat/releases/latest/download/geosite.dat"
      },
      "original": {
        "type": "file",
        "url": "https://github.com/Loyalsoldier/v2ray-rules-dat/releases/latest/download/geosite.dat"
      }
    },
    "xwayland-satellite-stable": {
      "flake": false,
      "locked": {
        "lastModified": 1748488455,
        "narHash": "sha256-IiLr1alzKFIy5tGGpDlabQbe6LV1c9ABvkH6T5WmyRI=",
        "owner": "Supreeeme",
        "repo": "xwayland-satellite",
        "rev": "3ba30b149f9eb2bbf42cf4758d2158ca8cceef73",
        "type": "github"
      },
      "original": {
        "owner": "Supreeeme",
        "ref": "v0.6",
        "repo": "xwayland-satellite",
        "type": "github"
      }
    },
    "xwayland-satellite-unstable": {
      "flake": false,
      "locked": {
        "lastModified": 1752338000,
        "narHash": "sha256-Fxlp/yKtynug0jyuauAmvZU2SzHCfwlwWf85j+IvQ0U=",
        "owner": "Supreeeme",
        "repo": "xwayland-satellite",
        "rev": "ba78881a68182ce338041846164cbfed0d70935c",
        "type": "github"
      },
      "original": {
        "owner": "Supreeeme",
        "repo": "xwayland-satellite",
        "type": "github"
      }
    },
    "zig": {
      "inputs": {
        "flake-compat": [
          "ghostty",
          "flake-compat"
        ],
        "flake-utils": [
          "ghostty",
          "flake-utils"
        ],
        "nixpkgs": [
          "ghostty",
          "nixpkgs"
        ]
      },
      "locked": {
        "lastModified": 1748261582,
        "narHash": "sha256-3i0IL3s18hdDlbsf0/E+5kyPRkZwGPbSFngq5eToiAA=",
        "owner": "mitchellh",
        "repo": "zig-overlay",
        "rev": "aafb1b093fb838f7a02613b719e85ec912914221",
        "type": "github"
      },
      "original": {
        "owner": "mitchellh",
        "repo": "zig-overlay",
        "type": "github"
      }
    },
    "zon2nix": {
      "inputs": {
        "flake-utils": [
          "ghostty",
          "flake-utils"
        ],
        "nixpkgs": [
          "ghostty",
          "nixpkgs"
        ]
      },
      "locked": {
        "lastModified": 1742104771,
        "narHash": "sha256-LhidlyEA9MP8jGe1rEnyjGFCzLLgCdDpYeWggibayr0=",
        "owner": "jcollie",
        "repo": "zon2nix",
        "rev": "56c159be489cc6c0e73c3930bd908ddc6fe89613",
        "type": "github"
      },
      "original": {
        "owner": "jcollie",
        "repo": "zon2nix",
        "rev": "56c159be489cc6c0e73c3930bd908ddc6fe89613",
        "type": "github"
      }
    }
  },
  "root": "root",
  "version": 7
}
